
Microsoft Visual Studio Solution File, Format Version 11.00
# Visual Studio 2010
Project("{FAE04EC0-301F-11D3-BF4B-00C04F79EFBC}") = "Assembly-CSharp", "Assembly-CSharp.csproj", "{BC9BBF18-80B6-5250-D6B5-CF32E383026D}"
EndProject
Global
	GlobalSection(SolutionConfigurationPlatforms) = preSolution
		Debug|Any CPU = Debug|Any CPU
		Release|Any CPU = Release|Any CPU
	EndGlobalSection
	GlobalSection(ProjectConfigurationPlatforms) = postSolution
		{BC9BBF18-80B6-5250-D6B5-CF32E383026D}.Debug|Any CPU.ActiveCfg = Debug|Any CPU
		{BC9BBF18-80B6-5250-D6B5-CF32E383026D}.Debug|Any CPU.Build.0 = Debug|Any CPU
		{BC9BBF18-80B6-5250-D6B5-CF32E383026D}.Release|Any CPU.ActiveCfg = Release|Any CPU
		{BC9BBF18-80B6-5250-D6B5-CF32E383026D}.Release|Any CPU.Build.0 = Release|Any CPU
	EndGlobalSection
	GlobalSection(SolutionProperties) = preSolution
		HideSolutionNode = FALSE
	EndGlobalSection
	GlobalSection(MonoDevelopProperties) = preSolution
		StartupItem = Assembly-CSharp.csproj
	EndGlobalSection
EndGlobal
